
Microsoft Visual Studio Solution File, Format Version 12.00
# Visual Studio Version 16
VisualStudioVersion = 16.0.29709.97
MinimumVisualStudioVersion = 10.0.40219.1
Project("{9A19103F-16F7-4668-BE54-9A1E7A4F7556}") = "DSWN.Core", "src\DSWN.Core\DSWN.Core.csproj", "{14D7FECE-A382-4260-9833-8E9060B3F51F}"
EndProject
Project("{9A19103F-16F7-4668-BE54-9A1E7A4F7556}") = "DSWN.UnitTests", "tests\DSWN.UnitTests\DSWN.UnitTests.csproj", "{275D26E3-98D0-46A2-88B8-72F26CFD4370}"
EndProject
Project("{9A19103F-16F7-4668-BE54-9A1E7A4F7556}") = "DSWN.SharedKernel", "src\DSWN.SharedKernel\DSWN.SharedKernel.csproj", "{336209B4-2531-483D-B4B0-8EE5804E92B6}"
EndProject
Project("{FAE04EC0-301F-11D3-BF4B-00C04F79EFBC}") = "DSWN.Infrastructure", "src\DSWN.Infrastructure\DSWN.Infrastructure.csproj", "{4BF36D86-A430-4E18-B96F-FF197FEAA35C}"
EndProject
Project("{FAE04EC0-301F-11D3-BF4B-00C04F79EFBC}") = "DSWN.Infrastructure.EntityFramework", "src\DSWN.Infrastructure.EntityFramework\DSWN.Infrastructure.EntityFramework.csproj", "{FCA6FEC6-7305-4FE0-A3BF-A58D2A1C80D2}"
EndProject
Project("{FAE04EC0-301F-11D3-BF4B-00C04F79EFBC}") = "DSWN.Web", "src\DSWN.Web\DSWN.Web.csproj", "{4A511112-CAEC-4FE2-A91B-9216A5CBCD42}"
EndProject
Global
	GlobalSection(SolutionConfigurationPlatforms) = preSolution
		Debug|Any CPU = Debug|Any CPU
		Release|Any CPU = Release|Any CPU
	EndGlobalSection
	GlobalSection(ProjectConfigurationPlatforms) = postSolution
		{14D7FECE-A382-4260-9833-8E9060B3F51F}.Debug|Any CPU.ActiveCfg = Debug|Any CPU
		{14D7FECE-A382-4260-9833-8E9060B3F51F}.Debug|Any CPU.Build.0 = Debug|Any CPU
		{14D7FECE-A382-4260-9833-8E9060B3F51F}.Release|Any CPU.ActiveCfg = Release|Any CPU
		{14D7FECE-A382-4260-9833-8E9060B3F51F}.Release|Any CPU.Build.0 = Release|Any CPU
		{275D26E3-98D0-46A2-88B8-72F26CFD4370}.Debug|Any CPU.ActiveCfg = Debug|Any CPU
		{275D26E3-98D0-46A2-88B8-72F26CFD4370}.Debug|Any CPU.Build.0 = Debug|Any CPU
		{275D26E3-98D0-46A2-88B8-72F26CFD4370}.Release|Any CPU.ActiveCfg = Release|Any CPU
		{275D26E3-98D0-46A2-88B8-72F26CFD4370}.Release|Any CPU.Build.0 = Release|Any CPU
		{336209B4-2531-483D-B4B0-8EE5804E92B6}.Debug|Any CPU.ActiveCfg = Debug|Any CPU
		{336209B4-2531-483D-B4B0-8EE5804E92B6}.Debug|Any CPU.Build.0 = Debug|Any CPU
		{336209B4-2531-483D-B4B0-8EE5804E92B6}.Release|Any CPU.ActiveCfg = Release|Any CPU
		{336209B4-2531-483D-B4B0-8EE5804E92B6}.Release|Any CPU.Build.0 = Release|Any CPU
		{4BF36D86-A430-4E18-B96F-FF197FEAA35C}.Debug|Any CPU.ActiveCfg = Debug|Any CPU
		{4BF36D86-A430-4E18-B96F-FF197FEAA35C}.Debug|Any CPU.Build.0 = Debug|Any CPU
		{4BF36D86-A430-4E18-B96F-FF197FEAA35C}.Release|Any CPU.ActiveCfg = Release|Any CPU
		{4BF36D86-A430-4E18-B96F-FF197FEAA35C}.Release|Any CPU.Build.0 = Release|Any CPU
		{FCA6FEC6-7305-4FE0-A3BF-A58D2A1C80D2}.Debug|Any CPU.ActiveCfg = Debug|Any CPU
		{FCA6FEC6-7305-4FE0-A3BF-A58D2A1C80D2}.Debug|Any CPU.Build.0 = Debug|Any CPU
		{FCA6FEC6-7305-4FE0-A3BF-A58D2A1C80D2}.Release|Any CPU.ActiveCfg = Release|Any CPU
		{FCA6FEC6-7305-4FE0-A3BF-A58D2A1C80D2}.Release|Any CPU.Build.0 = Release|Any CPU
		{4A511112-CAEC-4FE2-A91B-9216A5CBCD42}.Debug|Any CPU.ActiveCfg = Debug|Any CPU
		{4A511112-CAEC-4FE2-A91B-9216A5CBCD42}.Debug|Any CPU.Build.0 = Debug|Any CPU
		{4A511112-CAEC-4FE2-A91B-9216A5CBCD42}.Release|Any CPU.ActiveCfg = Release|Any CPU
		{4A511112-CAEC-4FE2-A91B-9216A5CBCD42}.Release|Any CPU.Build.0 = Release|Any CPU
	EndGlobalSection
	GlobalSection(SolutionProperties) = preSolution
		HideSolutionNode = FALSE
	EndGlobalSection
	GlobalSection(ExtensibilityGlobals) = postSolution
		SolutionGuid = {748E8B85-40F0-4D7F-AEE4-9565650DA9B0}
	EndGlobalSection
EndGlobal
