
Microsoft Visual Studio Solution File, Format Version 12.00
# Visual Studio Version 16
VisualStudioVersion = 16.0.29709.97
MinimumVisualStudioVersion = 10.0.40219.1
Project("{9A19103F-16F7-4668-BE54-9A1E7A4F7556}") = "DSWN.Core", "src\DSWN.Core\DSWN.Core.csproj", "{14D7FECE-A382-4260-9833-8E9060B3F51F}"
EndProject
Project("{9A19103F-16F7-4668-BE54-9A1E7A4F7556}") = "DSWN.Core.UnitTests", "tests\DSWN.Core.UnitTests\DSWN.Core.UnitTests.csproj", "{275D26E3-98D0-46A2-88B8-72F26CFD4370}"
EndProject
Project("{9A19103F-16F7-4668-BE54-9A1E7A4F7556}") = "DSWN.SharedKernel", "src\DSWN.SharedKernel\DSWN.SharedKernel.csproj", "{336209B4-2531-483D-B4B0-8EE5804E92B6}"
EndProject
Project("{9A19103F-16F7-4668-BE54-9A1E7A4F7556}") = "DSWN.Infrastructure", "src\DSWN.Infrastructure\DSWN.Infrastructure.csproj", "{4BF36D86-A430-4E18-B96F-FF197FEAA35C}"
EndProject
Project("{9A19103F-16F7-4668-BE54-9A1E7A4F7556}") = "DSWN.Infrastructure.DependencyInjection", "src\DSWN.Infrastructure.EntityFramework\DSWN.Infrastructure.DependencyInjection.csproj", "{FCA6FEC6-7305-4FE0-A3BF-A58D2A1C80D2}"
EndProject
Project("{9A19103F-16F7-4668-BE54-9A1E7A4F7556}") = "DSWN.Web", "src\DSWN.Web\DSWN.Web.csproj", "{4A511112-CAEC-4FE2-A91B-9216A5CBCD42}"
EndProject
Project("{2150E333-8FDC-42A3-9474-1A3956D46DE8}") = "SharedKernel", "SharedKernel", "{F15D95BF-2CA0-4EAA-8DA4-743B8C8DB524}"
EndProject
Project("{2150E333-8FDC-42A3-9474-1A3956D46DE8}") = "Core", "Core", "{102AA03E-BE61-4E49-9274-5B5460D1E993}"
EndProject
Project("{2150E333-8FDC-42A3-9474-1A3956D46DE8}") = "Infrastructure", "Infrastructure", "{F81EA2BD-55D0-4594-8640-229F81D6BFCB}"
EndProject
Project("{2150E333-8FDC-42A3-9474-1A3956D46DE8}") = "Tests", "Tests", "{9CB2A66E-E4C6-4E06-8D3B-DA5693BFF8AE}"
EndProject
Project("{9A19103F-16F7-4668-BE54-9A1E7A4F7556}") = "DSWN.SharedKernel.UnitTests", "tests\DSWN.SharedKernel.UnitTests\DSWN.SharedKernel.UnitTests.csproj", "{9AA7EFB5-E51D-4C53-9C14-E6343ED760D5}"
EndProject
Project("{2150E333-8FDC-42A3-9474-1A3956D46DE8}") = "Domain", "Domain", "{3520800D-5B9E-4CA1-8B13-6498827E4ABA}"
EndProject
Global
	GlobalSection(SolutionConfigurationPlatforms) = preSolution
		Debug|Any CPU = Debug|Any CPU
		Release|Any CPU = Release|Any CPU
	EndGlobalSection
	GlobalSection(ProjectConfigurationPlatforms) = postSolution
		{14D7FECE-A382-4260-9833-8E9060B3F51F}.Debug|Any CPU.ActiveCfg = Debug|Any CPU
		{14D7FECE-A382-4260-9833-8E9060B3F51F}.Debug|Any CPU.Build.0 = Debug|Any CPU
		{14D7FECE-A382-4260-9833-8E9060B3F51F}.Release|Any CPU.ActiveCfg = Release|Any CPU
		{14D7FECE-A382-4260-9833-8E9060B3F51F}.Release|Any CPU.Build.0 = Release|Any CPU
		{275D26E3-98D0-46A2-88B8-72F26CFD4370}.Debug|Any CPU.ActiveCfg = Debug|Any CPU
		{275D26E3-98D0-46A2-88B8-72F26CFD4370}.Debug|Any CPU.Build.0 = Debug|Any CPU
		{275D26E3-98D0-46A2-88B8-72F26CFD4370}.Release|Any CPU.ActiveCfg = Release|Any CPU
		{275D26E3-98D0-46A2-88B8-72F26CFD4370}.Release|Any CPU.Build.0 = Release|Any CPU
		{336209B4-2531-483D-B4B0-8EE5804E92B6}.Debug|Any CPU.ActiveCfg = Debug|Any CPU
		{336209B4-2531-483D-B4B0-8EE5804E92B6}.Debug|Any CPU.Build.0 = Debug|Any CPU
		{336209B4-2531-483D-B4B0-8EE5804E92B6}.Release|Any CPU.ActiveCfg = Release|Any CPU
		{336209B4-2531-483D-B4B0-8EE5804E92B6}.Release|Any CPU.Build.0 = Release|Any CPU
		{4BF36D86-A430-4E18-B96F-FF197FEAA35C}.Debug|Any CPU.ActiveCfg = Debug|Any CPU
		{4BF36D86-A430-4E18-B96F-FF197FEAA35C}.Debug|Any CPU.Build.0 = Debug|Any CPU
		{4BF36D86-A430-4E18-B96F-FF197FEAA35C}.Release|Any CPU.ActiveCfg = Release|Any CPU
		{4BF36D86-A430-4E18-B96F-FF197FEAA35C}.Release|Any CPU.Build.0 = Release|Any CPU
		{FCA6FEC6-7305-4FE0-A3BF-A58D2A1C80D2}.Debug|Any CPU.ActiveCfg = Debug|Any CPU
		{FCA6FEC6-7305-4FE0-A3BF-A58D2A1C80D2}.Debug|Any CPU.Build.0 = Debug|Any CPU
		{FCA6FEC6-7305-4FE0-A3BF-A58D2A1C80D2}.Release|Any CPU.ActiveCfg = Release|Any CPU
		{FCA6FEC6-7305-4FE0-A3BF-A58D2A1C80D2}.Release|Any CPU.Build.0 = Release|Any CPU
		{4A511112-CAEC-4FE2-A91B-9216A5CBCD42}.Debug|Any CPU.ActiveCfg = Debug|Any CPU
		{4A511112-CAEC-4FE2-A91B-9216A5CBCD42}.Debug|Any CPU.Build.0 = Debug|Any CPU
		{4A511112-CAEC-4FE2-A91B-9216A5CBCD42}.Release|Any CPU.ActiveCfg = Release|Any CPU
		{4A511112-CAEC-4FE2-A91B-9216A5CBCD42}.Release|Any CPU.Build.0 = Release|Any CPU
		{9AA7EFB5-E51D-4C53-9C14-E6343ED760D5}.Debug|Any CPU.ActiveCfg = Debug|Any CPU
		{9AA7EFB5-E51D-4C53-9C14-E6343ED760D5}.Debug|Any CPU.Build.0 = Debug|Any CPU
		{9AA7EFB5-E51D-4C53-9C14-E6343ED760D5}.Release|Any CPU.ActiveCfg = Release|Any CPU
		{9AA7EFB5-E51D-4C53-9C14-E6343ED760D5}.Release|Any CPU.Build.0 = Release|Any CPU
	EndGlobalSection
	GlobalSection(SolutionProperties) = preSolution
		HideSolutionNode = FALSE
	EndGlobalSection
	GlobalSection(NestedProjects) = preSolution
		{14D7FECE-A382-4260-9833-8E9060B3F51F} = {3520800D-5B9E-4CA1-8B13-6498827E4ABA}
		{275D26E3-98D0-46A2-88B8-72F26CFD4370} = {9CB2A66E-E4C6-4E06-8D3B-DA5693BFF8AE}
		{336209B4-2531-483D-B4B0-8EE5804E92B6} = {F15D95BF-2CA0-4EAA-8DA4-743B8C8DB524}
		{4BF36D86-A430-4E18-B96F-FF197FEAA35C} = {F81EA2BD-55D0-4594-8640-229F81D6BFCB}
		{FCA6FEC6-7305-4FE0-A3BF-A58D2A1C80D2} = {F81EA2BD-55D0-4594-8640-229F81D6BFCB}
		{9CB2A66E-E4C6-4E06-8D3B-DA5693BFF8AE} = {102AA03E-BE61-4E49-9274-5B5460D1E993}
		{9AA7EFB5-E51D-4C53-9C14-E6343ED760D5} = {F15D95BF-2CA0-4EAA-8DA4-743B8C8DB524}
		{3520800D-5B9E-4CA1-8B13-6498827E4ABA} = {102AA03E-BE61-4E49-9274-5B5460D1E993}
	EndGlobalSection
	GlobalSection(ExtensibilityGlobals) = postSolution
		SolutionGuid = {748E8B85-40F0-4D7F-AEE4-9565650DA9B0}
	EndGlobalSection
EndGlobal
